
Microsoft Visual Studio Solution File, Format Version 12.00
# Visual Studio Version 16
VisualStudioVersion = 16.0.31129.286
MinimumVisualStudioVersion = 10.0.40219.1
Project("{9A19103F-16F7-4668-BE54-9A1E7A4F7556}") = "Amazing", "Amazing\Amazing.csproj", "{F2E82957-3F4D-49C4-B899-4CA87300A533}"
EndProject
Project("{9A19103F-16F7-4668-BE54-9A1E7A4F7556}") = "TestFunctions", "TestFunctions\TestFunctions.csproj", "{AB6C73E4-964E-414B-88D2-A160084B8DAC}"
EndProject
Project("{9A19103F-16F7-4668-BE54-9A1E7A4F7556}") = "Amazing.Runtime", "Amazing.Runtime\Amazing.Runtime.csproj", "{0A03BD85-E644-4BE7-94D5-E0E9AAC509CF}"
EndProject
Project("{9A19103F-16F7-4668-BE54-9A1E7A4F7556}") = "Amazing.Gateway", "Amazing.Gateway\Amazing.Gateway.csproj", "{8F38DA43-ADD5-443D-B95F-93241EAC9377}"
EndProject
Project("{2150E333-8FDC-42A3-9474-1A3956D46DE8}") = "Tests", "Tests", "{AC4B2757-498A-4FB5-8F16-195A9B4B8669}"
EndProject
Project("{9A19103F-16F7-4668-BE54-9A1E7A4F7556}") = "TestMazeBuilder", "TestMazeBuilderWithFlipFlopRandom\TestMazeBuilder.csproj", "{1525B002-3417-47AE-ADEB-C58C16749028}"
EndProject
Project("{FAE04EC0-301F-11D3-BF4B-00C04F79EFBC}") = "Amazing.Core", "Amazing.Core\Amazing.Core.csproj", "{FFB780C9-1D0F-4200-A2E4-DDEA333EA66C}"
EndProject
Global
	GlobalSection(SolutionConfigurationPlatforms) = preSolution
		Debug|Any CPU = Debug|Any CPU
		Release|Any CPU = Release|Any CPU
	EndGlobalSection
	GlobalSection(ProjectConfigurationPlatforms) = postSolution
		{F2E82957-3F4D-49C4-B899-4CA87300A533}.Debug|Any CPU.ActiveCfg = Debug|Any CPU
		{F2E82957-3F4D-49C4-B899-4CA87300A533}.Debug|Any CPU.Build.0 = Debug|Any CPU
		{F2E82957-3F4D-49C4-B899-4CA87300A533}.Release|Any CPU.ActiveCfg = Release|Any CPU
		{F2E82957-3F4D-49C4-B899-4CA87300A533}.Release|Any CPU.Build.0 = Release|Any CPU
		{AB6C73E4-964E-414B-88D2-A160084B8DAC}.Debug|Any CPU.ActiveCfg = Debug|Any CPU
		{AB6C73E4-964E-414B-88D2-A160084B8DAC}.Debug|Any CPU.Build.0 = Debug|Any CPU
		{AB6C73E4-964E-414B-88D2-A160084B8DAC}.Release|Any CPU.ActiveCfg = Release|Any CPU
		{AB6C73E4-964E-414B-88D2-A160084B8DAC}.Release|Any CPU.Build.0 = Release|Any CPU
		{0A03BD85-E644-4BE7-94D5-E0E9AAC509CF}.Debug|Any CPU.ActiveCfg = Debug|Any CPU
		{0A03BD85-E644-4BE7-94D5-E0E9AAC509CF}.Debug|Any CPU.Build.0 = Debug|Any CPU
		{0A03BD85-E644-4BE7-94D5-E0E9AAC509CF}.Release|Any CPU.ActiveCfg = Release|Any CPU
		{0A03BD85-E644-4BE7-94D5-E0E9AAC509CF}.Release|Any CPU.Build.0 = Release|Any CPU
		{8F38DA43-ADD5-443D-B95F-93241EAC9377}.Debug|Any CPU.ActiveCfg = Debug|Any CPU
		{8F38DA43-ADD5-443D-B95F-93241EAC9377}.Debug|Any CPU.Build.0 = Debug|Any CPU
		{8F38DA43-ADD5-443D-B95F-93241EAC9377}.Release|Any CPU.ActiveCfg = Release|Any CPU
		{8F38DA43-ADD5-443D-B95F-93241EAC9377}.Release|Any CPU.Build.0 = Release|Any CPU
		{1525B002-3417-47AE-ADEB-C58C16749028}.Debug|Any CPU.ActiveCfg = Debug|Any CPU
		{1525B002-3417-47AE-ADEB-C58C16749028}.Debug|Any CPU.Build.0 = Debug|Any CPU
		{1525B002-3417-47AE-ADEB-C58C16749028}.Release|Any CPU.ActiveCfg = Release|Any CPU
		{1525B002-3417-47AE-ADEB-C58C16749028}.Release|Any CPU.Build.0 = Release|Any CPU
		{FFB780C9-1D0F-4200-A2E4-DDEA333EA66C}.Debug|Any CPU.ActiveCfg = Debug|Any CPU
		{FFB780C9-1D0F-4200-A2E4-DDEA333EA66C}.Debug|Any CPU.Build.0 = Debug|Any CPU
		{FFB780C9-1D0F-4200-A2E4-DDEA333EA66C}.Release|Any CPU.ActiveCfg = Release|Any CPU
		{FFB780C9-1D0F-4200-A2E4-DDEA333EA66C}.Release|Any CPU.Build.0 = Release|Any CPU
	EndGlobalSection
	GlobalSection(SolutionProperties) = preSolution
		HideSolutionNode = FALSE
	EndGlobalSection
	GlobalSection(NestedProjects) = preSolution
		{AB6C73E4-964E-414B-88D2-A160084B8DAC} = {AC4B2757-498A-4FB5-8F16-195A9B4B8669}
		{1525B002-3417-47AE-ADEB-C58C16749028} = {AC4B2757-498A-4FB5-8F16-195A9B4B8669}
	EndGlobalSection
	GlobalSection(ExtensibilityGlobals) = postSolution
		SolutionGuid = {7554F0EE-F912-4448-A92C-D27C2EA28887}
	EndGlobalSection
EndGlobal
